
Microsoft Visual Studio Solution File, Format Version 12.00
# Visual Studio Version 16
VisualStudioVersion = 16.0.31605.320
MinimumVisualStudioVersion = 10.0.40219.1
Project("{FAE04EC0-301F-11D3-BF4B-00C04F79EFBC}") = "UsoDapper", "UsoDapper\UsoDapper.csproj", "{9CF10AAA-5D08-4F2D-9B8E-BEBEB0352BC1}"
EndProject
Global
	GlobalSection(SolutionConfigurationPlatforms) = preSolution
		Debug|Any CPU = Debug|Any CPU
		Release|Any CPU = Release|Any CPU
	EndGlobalSection
	GlobalSection(ProjectConfigurationPlatforms) = postSolution
		{9CF10AAA-5D08-4F2D-9B8E-BEBEB0352BC1}.Debug|Any CPU.ActiveCfg = Debug|Any CPU
		{9CF10AAA-5D08-4F2D-9B8E-BEBEB0352BC1}.Debug|Any CPU.Build.0 = Debug|Any CPU
		{9CF10AAA-5D08-4F2D-9B8E-BEBEB0352BC1}.Release|Any CPU.ActiveCfg = Release|Any CPU
		{9CF10AAA-5D08-4F2D-9B8E-BEBEB0352BC1}.Release|Any CPU.Build.0 = Release|Any CPU
	EndGlobalSection
	GlobalSection(SolutionProperties) = preSolution
		HideSolutionNode = FALSE
	EndGlobalSection
	GlobalSection(ExtensibilityGlobals) = postSolution
		SolutionGuid = {B5B67374-0E83-4A91-84E1-40CB5F780453}
	EndGlobalSection
EndGlobal
